
Microsoft Visual Studio Solution File, Format Version 12.00
# Visual Studio Version 16
VisualStudioVersion = 16.0.31424.327
MinimumVisualStudioVersion = 10.0.40219.1
Project("{FAE04EC0-301F-11D3-BF4B-00C04F79EFBC}") = "Binary Search Tree", "Binary Search Tree.csproj", "{98DAC285-1CC4-4FFD-A1D2-FE8E6BB43106}"
EndProject
Global
	GlobalSection(SolutionConfigurationPlatforms) = preSolution
		Debug|Any CPU = Debug|Any CPU
		Release|Any CPU = Release|Any CPU
	EndGlobalSection
	GlobalSection(ProjectConfigurationPlatforms) = postSolution
		{98DAC285-1CC4-4FFD-A1D2-FE8E6BB43106}.Debug|Any CPU.ActiveCfg = Debug|Any CPU
		{98DAC285-1CC4-4FFD-A1D2-FE8E6BB43106}.Debug|Any CPU.Build.0 = Debug|Any CPU
		{98DAC285-1CC4-4FFD-A1D2-FE8E6BB43106}.Release|Any CPU.ActiveCfg = Release|Any CPU
		{98DAC285-1CC4-4FFD-A1D2-FE8E6BB43106}.Release|Any CPU.Build.0 = Release|Any CPU
	EndGlobalSection
	GlobalSection(SolutionProperties) = preSolution
		HideSolutionNode = FALSE
	EndGlobalSection
	GlobalSection(ExtensibilityGlobals) = postSolution
		SolutionGuid = {534A98A6-D2D7-4BCB-98B7-C65BD97AC0C8}
	EndGlobalSection
EndGlobal
